
Microsoft Visual Studio Solution File, Format Version 12.00
# Visual Studio 15
VisualStudioVersion = 15.0.27703.2026
MinimumVisualStudioVersion = 10.0.40219.1
Project("{FAE04EC0-301F-11D3-BF4B-00C04F79EFBC}") = "DataStructures", "DataStructures\DataStructures.csproj", "{BDACC313-5EE9-4115-9B45-31AE5B146E5F}"
EndProject
Global
	GlobalSection(SolutionConfigurationPlatforms) = preSolution
		Debug|Any CPU = Debug|Any CPU
		Release|Any CPU = Release|Any CPU
	EndGlobalSection
	GlobalSection(ProjectConfigurationPlatforms) = postSolution
		{BDACC313-5EE9-4115-9B45-31AE5B146E5F}.Debug|Any CPU.ActiveCfg = Debug|Any CPU
		{BDACC313-5EE9-4115-9B45-31AE5B146E5F}.Debug|Any CPU.Build.0 = Debug|Any CPU
		{BDACC313-5EE9-4115-9B45-31AE5B146E5F}.Release|Any CPU.ActiveCfg = Release|Any CPU
		{BDACC313-5EE9-4115-9B45-31AE5B146E5F}.Release|Any CPU.Build.0 = Release|Any CPU
	EndGlobalSection
	GlobalSection(SolutionProperties) = preSolution
		HideSolutionNode = FALSE
	EndGlobalSection
	GlobalSection(ExtensibilityGlobals) = postSolution
		SolutionGuid = {0BFD050C-AAC7-4B74-AFCE-5A216C28F5E2}
	EndGlobalSection
EndGlobal
